// !$*UTF8*$!
{
	archiveVersion = 1;
	classes = {
	};
	objectVersion = 46;
	objects = {

/* Begin PBXBuildFile section */
		753DC11E1B77794A00444F31 /* CustomView.swift in Sources */ = {isa = PBXBuildFile; fileRef = 753DC11D1B77794A00444F31 /* CustomView.swift */; };
		753DC1201B7779F900444F31 /* SimpleAutoLayoutView.swift in Sources */ = {isa = PBXBuildFile; fileRef = 753DC11F1B7779F900444F31 /* SimpleAutoLayoutView.swift */; };
		753DC1221B777B3100444F31 /* ContainerView.swift in Sources */ = {isa = PBXBuildFile; fileRef = 753DC1211B777B3100444F31 /* ContainerView.swift */; };
		753DC1241B777B8200444F31 /* UIView.swift in Sources */ = {isa = PBXBuildFile; fileRef = 753DC1231B777B8200444F31 /* UIView.swift */; };
		753DC1281B777F8100444F31 /* UIImageViewObjectiveCBridge.m in Sources */ = {isa = PBXBuildFile; fileRef = 753DC1271B777F8100444F31 /* UIImageViewObjectiveCBridge.m */; };
		753DC12A1B77862C00444F31 /* AsyncImageView.swift in Sources */ = {isa = PBXBuildFile; fileRef = 753DC1291B77862C00444F31 /* AsyncImageView.swift */; };
		753DC12C1B77866000444F31 /* LayoutConstraintsFactory.swift in Sources */ = {isa = PBXBuildFile; fileRef = 753DC12B1B77866000444F31 /* LayoutConstraintsFactory.swift */; };
		754F87BC1B7901E000D3D76D /* PhotoSelectionViewController.swift in Sources */ = {isa = PBXBuildFile; fileRef = 754F87BB1B7901E000D3D76D /* PhotoSelectionViewController.swift */; };
		754F87BE1B79E30B00D3D76D /* SuggestionsViewController.swift in Sources */ = {isa = PBXBuildFile; fileRef = 754F87BD1B79E30B00D3D76D /* SuggestionsViewController.swift */; };
		7576BC671B72681C0070A518 /* LoginViewController.swift in Sources */ = {isa = PBXBuildFile; fileRef = 7576BC661B72681C0070A518 /* LoginViewController.swift */; };
		7576BC6A1B726B7F0070A518 /* FontAwesome.swift in Sources */ = {isa = PBXBuildFile; fileRef = 7576BC691B726B7F0070A518 /* FontAwesome.swift */; };
		7576BC6C1B726C4A0070A518 /* FontAwesome.ttf in Resources */ = {isa = PBXBuildFile; fileRef = 7576BC6B1B726C4A0070A518 /* FontAwesome.ttf */; };
		7576BF921B73278C0070A518 /* FBSDKCoreKit.framework in Frameworks */ = {isa = PBXBuildFile; fileRef = 7576BE071B73274D0070A518 /* FBSDKCoreKit.framework */; };
		7576BF931B73278C0070A518 /* FBSDKLoginKit.framework in Frameworks */ = {isa = PBXBuildFile; fileRef = 7576BE081B73274D0070A518 /* FBSDKLoginKit.framework */; };
		7576BF941B73278C0070A518 /* FBSDKShareKit.framework in Frameworks */ = {isa = PBXBuildFile; fileRef = 7576BE0A1B73274D0070A518 /* FBSDKShareKit.framework */; };
		7576BF9D1B7338E00070A518 /* Main.storyboard in Resources */ = {isa = PBXBuildFile; fileRef = 7576BF9B1B7338E00070A518 /* Main.storyboard */; };
		7576BF9F1B7344BB0070A518 /* UserDefaultsBase.swift in Sources */ = {isa = PBXBuildFile; fileRef = 7576BF9E1B7344BB0070A518 /* UserDefaultsBase.swift */; };
		7576BFA31B7345F30070A518 /* SharedUserDefaults.swift in Sources */ = {isa = PBXBuildFile; fileRef = 7576BFA21B7345F30070A518 /* SharedUserDefaults.swift */; };
		7576BFA51B7347D30070A518 /* AppContext.swift in Sources */ = {isa = PBXBuildFile; fileRef = 7576BFA41B7347D30070A518 /* AppContext.swift */; };
		7576BFA71B734C250070A518 /* MainViewController.swift in Sources */ = {isa = PBXBuildFile; fileRef = 7576BFA61B734C250070A518 /* MainViewController.swift */; };
		7576BFB01B7398830070A518 /* ApparelTypeSelectionViewController.xib in Resources */ = {isa = PBXBuildFile; fileRef = 7576BFAF1B7398830070A518 /* ApparelTypeSelectionViewController.xib */; };
		7576BFB21B7399430070A518 /* ApparelTypeSelectionViewController.swift in Sources */ = {isa = PBXBuildFile; fileRef = 7576BFB11B7399430070A518 /* ApparelTypeSelectionViewController.swift */; };
		759E5EDA1B6F5B8A006422D9 /* AppDelegate.swift in Sources */ = {isa = PBXBuildFile; fileRef = 759E5ED91B6F5B8A006422D9 /* AppDelegate.swift */; };
		759E5EE31B6F5B8A006422D9 /* Images.xcassets in Resources */ = {isa = PBXBuildFile; fileRef = 759E5EE21B6F5B8A006422D9 /* Images.xcassets */; };
		759E5EE61B6F5B8A006422D9 /* LaunchScreen.xib in Resources */ = {isa = PBXBuildFile; fileRef = 759E5EE41B6F5B8A006422D9 /* LaunchScreen.xib */; };
		759E5EF21B6F5B8A006422D9 /* lookbookTests.swift in Sources */ = {isa = PBXBuildFile; fileRef = 759E5EF11B6F5B8A006422D9 /* lookbookTests.swift */; };
		FE4A95C38DE277E23894838E /* libPods-lookbook.a in Frameworks */ = {isa = PBXBuildFile; fileRef = 95D362F33AC63775D1F3FA3F /* libPods-lookbook.a */; };
/* End PBXBuildFile section */

/* Begin PBXContainerItemProxy section */
		759E5EEC1B6F5B8A006422D9 /* PBXContainerItemProxy */ = {
			isa = PBXContainerItemProxy;
			containerPortal = 759E5ECC1B6F5B8A006422D9 /* Project object */;
			proxyType = 1;
			remoteGlobalIDString = 759E5ED31B6F5B8A006422D9;
			remoteInfo = lookbook;
		};
/* End PBXContainerItemProxy section */

/* Begin PBXFileReference section */
		753DC11D1B77794A00444F31 /* CustomView.swift */ = {isa = PBXFileReference; fileEncoding = 4; lastKnownFileType = sourcecode.swift; path = CustomView.swift; sourceTree = "<group>"; };
		753DC11F1B7779F900444F31 /* SimpleAutoLayoutView.swift */ = {isa = PBXFileReference; fileEncoding = 4; lastKnownFileType = sourcecode.swift; path = SimpleAutoLayoutView.swift; sourceTree = "<group>"; };
		753DC1211B777B3100444F31 /* ContainerView.swift */ = {isa = PBXFileReference; fileEncoding = 4; lastKnownFileType = sourcecode.swift; path = ContainerView.swift; sourceTree = "<group>"; };
		753DC1231B777B8200444F31 /* UIView.swift */ = {isa = PBXFileReference; fileEncoding = 4; lastKnownFileType = sourcecode.swift; path = UIView.swift; sourceTree = "<group>"; };
		753DC1251B777ED500444F31 /* UIImageViewObjectiveCBridge.h */ = {isa = PBXFileReference; lastKnownFileType = sourcecode.c.h; path = UIImageViewObjectiveCBridge.h; sourceTree = "<group>"; };
		753DC1261B777F8100444F31 /* lookbook-Bridging-Header.h */ = {isa = PBXFileReference; lastKnownFileType = sourcecode.c.h; path = "lookbook-Bridging-Header.h"; sourceTree = "<group>"; };
		753DC1271B777F8100444F31 /* UIImageViewObjectiveCBridge.m */ = {isa = PBXFileReference; fileEncoding = 4; lastKnownFileType = sourcecode.c.objc; path = UIImageViewObjectiveCBridge.m; sourceTree = "<group>"; };
		753DC1291B77862C00444F31 /* AsyncImageView.swift */ = {isa = PBXFileReference; fileEncoding = 4; lastKnownFileType = sourcecode.swift; path = AsyncImageView.swift; sourceTree = "<group>"; };
		753DC12B1B77866000444F31 /* LayoutConstraintsFactory.swift */ = {isa = PBXFileReference; fileEncoding = 4; lastKnownFileType = sourcecode.swift; path = LayoutConstraintsFactory.swift; sourceTree = "<group>"; };
		754F87BB1B7901E000D3D76D /* PhotoSelectionViewController.swift */ = {isa = PBXFileReference; fileEncoding = 4; lastKnownFileType = sourcecode.swift; path = PhotoSelectionViewController.swift; sourceTree = "<group>"; };
		754F87BD1B79E30B00D3D76D /* SuggestionsViewController.swift */ = {isa = PBXFileReference; fileEncoding = 4; lastKnownFileType = sourcecode.swift; path = SuggestionsViewController.swift; sourceTree = "<group>"; };
		7576BC661B72681C0070A518 /* LoginViewController.swift */ = {isa = PBXFileReference; fileEncoding = 4; lastKnownFileType = sourcecode.swift; path = LoginViewController.swift; sourceTree = "<group>"; };
		7576BC691B726B7F0070A518 /* FontAwesome.swift */ = {isa = PBXFileReference; fileEncoding = 4; lastKnownFileType = sourcecode.swift; path = FontAwesome.swift; sourceTree = "<group>"; };
		7576BC6B1B726C4A0070A518 /* FontAwesome.ttf */ = {isa = PBXFileReference; lastKnownFileType = file; path = FontAwesome.ttf; sourceTree = "<group>"; };
		7576BC6D1B7326EE0070A518 /* FBSDKCoreKit.framework */ = {isa = PBXFileReference; lastKnownFileType = wrapper.framework; name = FBSDKCoreKit.framework; path = ../../../../Documents/FacebookSDK/FBSDKCoreKit.framework; sourceTree = "<group>"; };
		7576BC6E1B7326EE0070A518 /* FBSDKLoginKit.framework */ = {isa = PBXFileReference; lastKnownFileType = wrapper.framework; name = FBSDKLoginKit.framework; path = ../../../../Documents/FacebookSDK/FBSDKLoginKit.framework; sourceTree = "<group>"; };
		7576BC6F1B7326EE0070A518 /* FBSDKMessengerShareKit.framework */ = {isa = PBXFileReference; lastKnownFileType = wrapper.framework; name = FBSDKMessengerShareKit.framework; path = ../../../../Documents/FacebookSDK/FBSDKMessengerShareKit.framework; sourceTree = "<group>"; };
		7576BE071B73274D0070A518 /* FBSDKCoreKit.framework */ = {isa = PBXFileReference; lastKnownFileType = wrapper.framework; path = FBSDKCoreKit.framework; sourceTree = "<group>"; };
		7576BE081B73274D0070A518 /* FBSDKLoginKit.framework */ = {isa = PBXFileReference; lastKnownFileType = wrapper.framework; path = FBSDKLoginKit.framework; sourceTree = "<group>"; };
		7576BE0A1B73274D0070A518 /* FBSDKShareKit.framework */ = {isa = PBXFileReference; lastKnownFileType = wrapper.framework; path = FBSDKShareKit.framework; sourceTree = "<group>"; };
		7576BF951B73289E0070A518 /* lookbook-bridging-header.h */ = {isa = PBXFileReference; lastKnownFileType = sourcecode.c.h; path = "lookbook-bridging-header.h"; sourceTree = "<group>"; };
		7576BF9C1B7338E00070A518 /* Base */ = {isa = PBXFileReference; lastKnownFileType = file.storyboard; name = Base; path = Base.lproj/Main.storyboard; sourceTree = "<group>"; };
		7576BF9E1B7344BB0070A518 /* UserDefaultsBase.swift */ = {isa = PBXFileReference; fileEncoding = 4; lastKnownFileType = sourcecode.swift; path = UserDefaultsBase.swift; sourceTree = "<group>"; };
		7576BFA21B7345F30070A518 /* SharedUserDefaults.swift */ = {isa = PBXFileReference; fileEncoding = 4; lastKnownFileType = sourcecode.swift; path = SharedUserDefaults.swift; sourceTree = "<group>"; };
		7576BFA41B7347D30070A518 /* AppContext.swift */ = {isa = PBXFileReference; fileEncoding = 4; lastKnownFileType = sourcecode.swift; path = AppContext.swift; sourceTree = "<group>"; };
		7576BFA61B734C250070A518 /* MainViewController.swift */ = {isa = PBXFileReference; fileEncoding = 4; lastKnownFileType = sourcecode.swift; path = MainViewController.swift; sourceTree = "<group>"; };
		7576BFAF1B7398830070A518 /* ApparelTypeSelectionViewController.xib */ = {isa = PBXFileReference; fileEncoding = 4; lastKnownFileType = file.xib; path = ApparelTypeSelectionViewController.xib; sourceTree = "<group>"; };
		7576BFB11B7399430070A518 /* ApparelTypeSelectionViewController.swift */ = {isa = PBXFileReference; fileEncoding = 4; lastKnownFileType = sourcecode.swift; path = ApparelTypeSelectionViewController.swift; sourceTree = "<group>"; };
		759E5ED41B6F5B8A006422D9 /* lookbook.app */ = {isa = PBXFileReference; explicitFileType = wrapper.application; includeInIndex = 0; path = lookbook.app; sourceTree = BUILT_PRODUCTS_DIR; };
		759E5ED81B6F5B8A006422D9 /* Info.plist */ = {isa = PBXFileReference; lastKnownFileType = text.plist.xml; path = Info.plist; sourceTree = "<group>"; };
		759E5ED91B6F5B8A006422D9 /* AppDelegate.swift */ = {isa = PBXFileReference; lastKnownFileType = sourcecode.swift; path = AppDelegate.swift; sourceTree = "<group>"; };
		759E5EE21B6F5B8A006422D9 /* Images.xcassets */ = {isa = PBXFileReference; lastKnownFileType = folder.assetcatalog; path = Images.xcassets; sourceTree = "<group>"; };
		759E5EE51B6F5B8A006422D9 /* Base */ = {isa = PBXFileReference; lastKnownFileType = file.xib; name = Base; path = Base.lproj/LaunchScreen.xib; sourceTree = "<group>"; };
		759E5EEB1B6F5B8A006422D9 /* lookbookTests.xctest */ = {isa = PBXFileReference; explicitFileType = wrapper.cfbundle; includeInIndex = 0; path = lookbookTests.xctest; sourceTree = BUILT_PRODUCTS_DIR; };
		759E5EF01B6F5B8A006422D9 /* Info.plist */ = {isa = PBXFileReference; lastKnownFileType = text.plist.xml; path = Info.plist; sourceTree = "<group>"; };
		759E5EF11B6F5B8A006422D9 /* lookbookTests.swift */ = {isa = PBXFileReference; lastKnownFileType = sourcecode.swift; path = lookbookTests.swift; sourceTree = "<group>"; };
		95D362F33AC63775D1F3FA3F /* libPods-lookbook.a */ = {isa = PBXFileReference; explicitFileType = archive.ar; includeInIndex = 0; path = "libPods-lookbook.a"; sourceTree = BUILT_PRODUCTS_DIR; };
		994080881ACA95488104BF13 /* Pods-lookbook.debug.xcconfig */ = {isa = PBXFileReference; includeInIndex = 1; lastKnownFileType = text.xcconfig; name = "Pods-lookbook.debug.xcconfig"; path = "Pods/Target Support Files/Pods-lookbook/Pods-lookbook.debug.xcconfig"; sourceTree = "<group>"; };
		D769B97AB33BBEFE045CA095 /* Pods-lookbook.release.xcconfig */ = {isa = PBXFileReference; includeInIndex = 1; lastKnownFileType = text.xcconfig; name = "Pods-lookbook.release.xcconfig"; path = "Pods/Target Support Files/Pods-lookbook/Pods-lookbook.release.xcconfig"; sourceTree = "<group>"; };
/* End PBXFileReference section */

/* Begin PBXFrameworksBuildPhase section */
		759E5ED11B6F5B8A006422D9 /* Frameworks */ = {
			isa = PBXFrameworksBuildPhase;
			buildActionMask = 2147483647;
			files = (
				7576BF921B73278C0070A518 /* FBSDKCoreKit.framework in Frameworks */,
				7576BF931B73278C0070A518 /* FBSDKLoginKit.framework in Frameworks */,
				7576BF941B73278C0070A518 /* FBSDKShareKit.framework in Frameworks */,
				FE4A95C38DE277E23894838E /* libPods-lookbook.a in Frameworks */,
			);
			runOnlyForDeploymentPostprocessing = 0;
		};
		759E5EE81B6F5B8A006422D9 /* Frameworks */ = {
			isa = PBXFrameworksBuildPhase;
			buildActionMask = 2147483647;
			files = (
			);
			runOnlyForDeploymentPostprocessing = 0;
		};
/* End PBXFrameworksBuildPhase section */

/* Begin PBXGroup section */
		083A319329D2A5386DF24DFE /* Frameworks */ = {
			isa = PBXGroup;
			children = (
				95D362F33AC63775D1F3FA3F /* libPods-lookbook.a */,
			);
			name = Frameworks;
			sourceTree = "<group>";
		};
		753DC11C1B77793800444F31 /* CustomViews */ = {
			isa = PBXGroup;
			children = (
				753DC11D1B77794A00444F31 /* CustomView.swift */,
				753DC11F1B7779F900444F31 /* SimpleAutoLayoutView.swift */,
				753DC1211B777B3100444F31 /* ContainerView.swift */,
				753DC1231B777B8200444F31 /* UIView.swift */,
				753DC1251B777ED500444F31 /* UIImageViewObjectiveCBridge.h */,
				753DC1271B777F8100444F31 /* UIImageViewObjectiveCBridge.m */,
				753DC1261B777F8100444F31 /* lookbook-Bridging-Header.h */,
				753DC1291B77862C00444F31 /* AsyncImageView.swift */,
				753DC12B1B77866000444F31 /* LayoutConstraintsFactory.swift */,
				754F87BB1B7901E000D3D76D /* PhotoSelectionViewController.swift */,
			);
			path = CustomViews;
			sourceTree = "<group>";
		};
		7576BC681B726B2C0070A518 /* lookbookit */ = {
			isa = PBXGroup;
			children = (
				753DC11C1B77793800444F31 /* CustomViews */,
				7576BC691B726B7F0070A518 /* FontAwesome.swift */,
				7576BF9E1B7344BB0070A518 /* UserDefaultsBase.swift */,
				7576BFA21B7345F30070A518 /* SharedUserDefaults.swift */,
				7576BFA41B7347D30070A518 /* AppContext.swift */,
			);
			path = lookbookit;
			sourceTree = "<group>";
		};
		7576BC731B73270D0070A518 /* FacebookSDK */ = {
			isa = PBXGroup;
			children = (
				7576BE071B73274D0070A518 /* FBSDKCoreKit.framework */,
				7576BE081B73274D0070A518 /* FBSDKLoginKit.framework */,
				7576BE0A1B73274D0070A518 /* FBSDKShareKit.framework */,
			);
			path = FacebookSDK;
			sourceTree = "<group>";
		};
		7576BFAE1B73983D0070A518 /* AppControllers */ = {
			isa = PBXGroup;
			children = (
				7576BFAF1B7398830070A518 /* ApparelTypeSelectionViewController.xib */,
				7576BFB11B7399430070A518 /* ApparelTypeSelectionViewController.swift */,
				754F87BD1B79E30B00D3D76D /* SuggestionsViewController.swift */,
			);
			path = AppControllers;
			sourceTree = "<group>";
		};
		759E5ECB1B6F5B8A006422D9 = {
			isa = PBXGroup;
			children = (
				7576BC731B73270D0070A518 /* FacebookSDK */,
				7576BC6D1B7326EE0070A518 /* FBSDKCoreKit.framework */,
				7576BC6E1B7326EE0070A518 /* FBSDKLoginKit.framework */,
				7576BC6F1B7326EE0070A518 /* FBSDKMessengerShareKit.framework */,
				759E5ED61B6F5B8A006422D9 /* lookbook */,
				759E5EEE1B6F5B8A006422D9 /* lookbookTests */,
				759E5ED51B6F5B8A006422D9 /* Products */,
				7B91F0AEDE6F6095E81A76DA /* Pods */,
				083A319329D2A5386DF24DFE /* Frameworks */,
			);
			sourceTree = "<group>";
		};
		759E5ED51B6F5B8A006422D9 /* Products */ = {
			isa = PBXGroup;
			children = (
				759E5ED41B6F5B8A006422D9 /* lookbook.app */,
				759E5EEB1B6F5B8A006422D9 /* lookbookTests.xctest */,
			);
			name = Products;
			sourceTree = "<group>";
		};
		759E5ED61B6F5B8A006422D9 /* lookbook */ = {
			isa = PBXGroup;
			children = (
				7576BFAE1B73983D0070A518 /* AppControllers */,
				7576BC6B1B726C4A0070A518 /* FontAwesome.ttf */,
				7576BC681B726B2C0070A518 /* lookbookit */,
				759E5ED91B6F5B8A006422D9 /* AppDelegate.swift */,
				7576BC661B72681C0070A518 /* LoginViewController.swift */,
				759E5EE21B6F5B8A006422D9 /* Images.xcassets */,
				759E5EE41B6F5B8A006422D9 /* LaunchScreen.xib */,
				7576BF9B1B7338E00070A518 /* Main.storyboard */,
				759E5ED71B6F5B8A006422D9 /* Supporting Files */,
				7576BF951B73289E0070A518 /* lookbook-bridging-header.h */,
				7576BFA61B734C250070A518 /* MainViewController.swift */,
			);
			path = lookbook;
			sourceTree = "<group>";
		};
		759E5ED71B6F5B8A006422D9 /* Supporting Files */ = {
			isa = PBXGroup;
			children = (
				759E5ED81B6F5B8A006422D9 /* Info.plist */,
			);
			name = "Supporting Files";
			sourceTree = "<group>";
		};
		759E5EEE1B6F5B8A006422D9 /* lookbookTests */ = {
			isa = PBXGroup;
			children = (
				759E5EF11B6F5B8A006422D9 /* lookbookTests.swift */,
				759E5EEF1B6F5B8A006422D9 /* Supporting Files */,
			);
			path = lookbookTests;
			sourceTree = "<group>";
		};
		759E5EEF1B6F5B8A006422D9 /* Supporting Files */ = {
			isa = PBXGroup;
			children = (
				759E5EF01B6F5B8A006422D9 /* Info.plist */,
			);
			name = "Supporting Files";
			sourceTree = "<group>";
		};
		7B91F0AEDE6F6095E81A76DA /* Pods */ = {
			isa = PBXGroup;
			children = (
				994080881ACA95488104BF13 /* Pods-lookbook.debug.xcconfig */,
				D769B97AB33BBEFE045CA095 /* Pods-lookbook.release.xcconfig */,
			);
			name = Pods;
			sourceTree = "<group>";
		};
/* End PBXGroup section */

/* Begin PBXNativeTarget section */
		759E5ED31B6F5B8A006422D9 /* lookbook */ = {
			isa = PBXNativeTarget;
			buildConfigurationList = 759E5EF51B6F5B8A006422D9 /* Build configuration list for PBXNativeTarget "lookbook" */;
			buildPhases = (
				90F64328E472468610266962 /* Check Pods Manifest.lock */,
				759E5ED01B6F5B8A006422D9 /* Sources */,
				759E5ED11B6F5B8A006422D9 /* Frameworks */,
				759E5ED21B6F5B8A006422D9 /* Resources */,
				ED636FBC34FB202A4462962D /* Copy Pods Resources */,
			);
			buildRules = (
			);
			dependencies = (
			);
			name = lookbook;
			productName = lookbook;
			productReference = 759E5ED41B6F5B8A006422D9 /* lookbook.app */;
			productType = "com.apple.product-type.application";
		};
		759E5EEA1B6F5B8A006422D9 /* lookbookTests */ = {
			isa = PBXNativeTarget;
			buildConfigurationList = 759E5EF81B6F5B8A006422D9 /* Build configuration list for PBXNativeTarget "lookbookTests" */;
			buildPhases = (
				759E5EE71B6F5B8A006422D9 /* Sources */,
				759E5EE81B6F5B8A006422D9 /* Frameworks */,
				759E5EE91B6F5B8A006422D9 /* Resources */,
			);
			buildRules = (
			);
			dependencies = (
				759E5EED1B6F5B8A006422D9 /* PBXTargetDependency */,
			);
			name = lookbookTests;
			productName = lookbookTests;
			productReference = 759E5EEB1B6F5B8A006422D9 /* lookbookTests.xctest */;
			productType = "com.apple.product-type.bundle.unit-test";
		};
/* End PBXNativeTarget section */

/* Begin PBXProject section */
		759E5ECC1B6F5B8A006422D9 /* Project object */ = {
			isa = PBXProject;
			attributes = {
				LastUpgradeCheck = 0630;
				ORGANIZATIONNAME = lookbook;
				TargetAttributes = {
					759E5ED31B6F5B8A006422D9 = {
						CreatedOnToolsVersion = 6.3.2;
					};
					759E5EEA1B6F5B8A006422D9 = {
						CreatedOnToolsVersion = 6.3.2;
						TestTargetID = 759E5ED31B6F5B8A006422D9;
					};
				};
			};
			buildConfigurationList = 759E5ECF1B6F5B8A006422D9 /* Build configuration list for PBXProject "lookbook" */;
			compatibilityVersion = "Xcode 3.2";
			developmentRegion = English;
			hasScannedForEncodings = 0;
			knownRegions = (
				en,
				Base,
			);
			mainGroup = 759E5ECB1B6F5B8A006422D9;
			productRefGroup = 759E5ED51B6F5B8A006422D9 /* Products */;
			projectDirPath = "";
			projectRoot = "";
			targets = (
				759E5ED31B6F5B8A006422D9 /* lookbook */,
				759E5EEA1B6F5B8A006422D9 /* lookbookTests */,
			);
		};
/* End PBXProject section */

/* Begin PBXResourcesBuildPhase section */
		759E5ED21B6F5B8A006422D9 /* Resources */ = {
			isa = PBXResourcesBuildPhase;
			buildActionMask = 2147483647;
			files = (
				7576BFB01B7398830070A518 /* ApparelTypeSelectionViewController.xib in Resources */,
				7576BF9D1B7338E00070A518 /* Main.storyboard in Resources */,
				759E5EE61B6F5B8A006422D9 /* LaunchScreen.xib in Resources */,
				759E5EE31B6F5B8A006422D9 /* Images.xcassets in Resources */,
				7576BC6C1B726C4A0070A518 /* FontAwesome.ttf in Resources */,
			);
			runOnlyForDeploymentPostprocessing = 0;
		};
		759E5EE91B6F5B8A006422D9 /* Resources */ = {
			isa = PBXResourcesBuildPhase;
			buildActionMask = 2147483647;
			files = (
			);
			runOnlyForDeploymentPostprocessing = 0;
		};
/* End PBXResourcesBuildPhase section */

/* Begin PBXShellScriptBuildPhase section */
		90F64328E472468610266962 /* Check Pods Manifest.lock */ = {
			isa = PBXShellScriptBuildPhase;
			buildActionMask = 2147483647;
			files = (
			);
			inputPaths = (
			);
			name = "Check Pods Manifest.lock";
			outputPaths = (
			);
			runOnlyForDeploymentPostprocessing = 0;
			shellPath = /bin/sh;
			shellScript = "diff \"${PODS_ROOT}/../Podfile.lock\" \"${PODS_ROOT}/Manifest.lock\" > /dev/null\nif [[ $? != 0 ]] ; then\n    cat << EOM\nerror: The sandbox is not in sync with the Podfile.lock. Run 'pod install' or update your CocoaPods installation.\nEOM\n    exit 1\nfi\n";
			showEnvVarsInLog = 0;
		};
		ED636FBC34FB202A4462962D /* Copy Pods Resources */ = {
			isa = PBXShellScriptBuildPhase;
			buildActionMask = 2147483647;
			files = (
			);
			inputPaths = (
			);
			name = "Copy Pods Resources";
			outputPaths = (
			);
			runOnlyForDeploymentPostprocessing = 0;
			shellPath = /bin/sh;
			shellScript = "\"${SRCROOT}/Pods/Target Support Files/Pods-lookbook/Pods-lookbook-resources.sh\"\n";
			showEnvVarsInLog = 0;
		};
/* End PBXShellScriptBuildPhase section */

/* Begin PBXSourcesBuildPhase section */
		759E5ED01B6F5B8A006422D9 /* Sources */ = {
			isa = PBXSourcesBuildPhase;
			buildActionMask = 2147483647;
			files = (
				7576BF9F1B7344BB0070A518 /* UserDefaultsBase.swift in Sources */,
				753DC1201B7779F900444F31 /* SimpleAutoLayoutView.swift in Sources */,
				754F87BE1B79E30B00D3D76D /* SuggestionsViewController.swift in Sources */,
				7576BFA31B7345F30070A518 /* SharedUserDefaults.swift in Sources */,
				7576BC6A1B726B7F0070A518 /* FontAwesome.swift in Sources */,
				753DC1241B777B8200444F31 /* UIView.swift in Sources */,
				753DC11E1B77794A00444F31 /* CustomView.swift in Sources */,
				7576BC671B72681C0070A518 /* LoginViewController.swift in Sources */,
				759E5EDA1B6F5B8A006422D9 /* AppDelegate.swift in Sources */,
				7576BFA71B734C250070A518 /* MainViewController.swift in Sources */,
				753DC12C1B77866000444F31 /* LayoutConstraintsFactory.swift in Sources */,
				753DC1281B777F8100444F31 /* UIImageViewObjectiveCBridge.m in Sources */,
				7576BFA51B7347D30070A518 /* AppContext.swift in Sources */,
				754F87BC1B7901E000D3D76D /* PhotoSelectionViewController.swift in Sources */,
				753DC1221B777B3100444F31 /* ContainerView.swift in Sources */,
				7576BFB21B7399430070A518 /* ApparelTypeSelectionViewController.swift in Sources */,
				753DC12A1B77862C00444F31 /* AsyncImageView.swift in Sources */,
			);
			runOnlyForDeploymentPostprocessing = 0;
		};
		759E5EE71B6F5B8A006422D9 /* Sources */ = {
			isa = PBXSourcesBuildPhase;
			buildActionMask = 2147483647;
			files = (
				759E5EF21B6F5B8A006422D9 /* lookbookTests.swift in Sources */,
			);
			runOnlyForDeploymentPostprocessing = 0;
		};
/* End PBXSourcesBuildPhase section */

/* Begin PBXTargetDependency section */
		759E5EED1B6F5B8A006422D9 /* PBXTargetDependency */ = {
			isa = PBXTargetDependency;
			target = 759E5ED31B6F5B8A006422D9 /* lookbook */;
			targetProxy = 759E5EEC1B6F5B8A006422D9 /* PBXContainerItemProxy */;
		};
/* End PBXTargetDependency section */

/* Begin PBXVariantGroup section */
		7576BF9B1B7338E00070A518 /* Main.storyboard */ = {
			isa = PBXVariantGroup;
			children = (
				7576BF9C1B7338E00070A518 /* Base */,
			);
			name = Main.storyboard;
			sourceTree = "<group>";
		};
		759E5EE41B6F5B8A006422D9 /* LaunchScreen.xib */ = {
			isa = PBXVariantGroup;
			children = (
				759E5EE51B6F5B8A006422D9 /* Base */,
			);
			name = LaunchScreen.xib;
			sourceTree = "<group>";
		};
/* End PBXVariantGroup section */

/* Begin XCBuildConfiguration section */
		759E5EF31B6F5B8A006422D9 /* Debug */ = {
			isa = XCBuildConfiguration;
			buildSettings = {
				ALWAYS_SEARCH_USER_PATHS = NO;
				CLANG_CXX_LANGUAGE_STANDARD = "gnu++0x";
				CLANG_CXX_LIBRARY = "libc++";
				CLANG_ENABLE_MODULES = YES;
				CLANG_ENABLE_OBJC_ARC = YES;
				CLANG_WARN_BOOL_CONVERSION = YES;
				CLANG_WARN_CONSTANT_CONVERSION = YES;
				CLANG_WARN_DIRECT_OBJC_ISA_USAGE = YES_ERROR;
				CLANG_WARN_EMPTY_BODY = YES;
				CLANG_WARN_ENUM_CONVERSION = YES;
				CLANG_WARN_INT_CONVERSION = YES;
				CLANG_WARN_OBJC_ROOT_CLASS = YES_ERROR;
				CLANG_WARN_UNREACHABLE_CODE = YES;
				CLANG_WARN__DUPLICATE_METHOD_MATCH = YES;
				"CODE_SIGN_IDENTITY[sdk=iphoneos*]" = "iPhone Developer";
				COPY_PHASE_STRIP = NO;
				DEBUG_INFORMATION_FORMAT = "dwarf-with-dsym";
				ENABLE_STRICT_OBJC_MSGSEND = YES;
				GCC_C_LANGUAGE_STANDARD = gnu99;
				GCC_DYNAMIC_NO_PIC = NO;
				GCC_NO_COMMON_BLOCKS = YES;
				GCC_OPTIMIZATION_LEVEL = 0;
				GCC_PREPROCESSOR_DEFINITIONS = (
					"DEBUG=1",
					"$(inherited)",
				);
				GCC_SYMBOLS_PRIVATE_EXTERN = NO;
				GCC_WARN_64_TO_32_BIT_CONVERSION = YES;
				GCC_WARN_ABOUT_RETURN_TYPE = YES_ERROR;
				GCC_WARN_UNDECLARED_SELECTOR = YES;
				GCC_WARN_UNINITIALIZED_AUTOS = YES_AGGRESSIVE;
				GCC_WARN_UNUSED_FUNCTION = YES;
				GCC_WARN_UNUSED_VARIABLE = YES;
				IPHONEOS_DEPLOYMENT_TARGET = 8.3;
				MTL_ENABLE_DEBUG_INFO = YES;
				ONLY_ACTIVE_ARCH = YES;
				SDKROOT = iphoneos;
				SWIFT_OPTIMIZATION_LEVEL = "-Onone";
			};
			name = Debug;
		};
		759E5EF41B6F5B8A006422D9 /* Release */ = {
			isa = XCBuildConfiguration;
			buildSettings = {
				ALWAYS_SEARCH_USER_PATHS = NO;
				CLANG_CXX_LANGUAGE_STANDARD = "gnu++0x";
				CLANG_CXX_LIBRARY = "libc++";
				CLANG_ENABLE_MODULES = YES;
				CLANG_ENABLE_OBJC_ARC = YES;
				CLANG_WARN_BOOL_CONVERSION = YES;
				CLANG_WARN_CONSTANT_CONVERSION = YES;
				CLANG_WARN_DIRECT_OBJC_ISA_USAGE = YES_ERROR;
				CLANG_WARN_EMPTY_BODY = YES;
				CLANG_WARN_ENUM_CONVERSION = YES;
				CLANG_WARN_INT_CONVERSION = YES;
				CLANG_WARN_OBJC_ROOT_CLASS = YES_ERROR;
				CLANG_WARN_UNREACHABLE_CODE = YES;
				CLANG_WARN__DUPLICATE_METHOD_MATCH = YES;
				"CODE_SIGN_IDENTITY[sdk=iphoneos*]" = "iPhone Developer";
				COPY_PHASE_STRIP = NO;
				DEBUG_INFORMATION_FORMAT = "dwarf-with-dsym";
				ENABLE_NS_ASSERTIONS = NO;
				ENABLE_STRICT_OBJC_MSGSEND = YES;
				GCC_C_LANGUAGE_STANDARD = gnu99;
				GCC_NO_COMMON_BLOCKS = YES;
				GCC_WARN_64_TO_32_BIT_CONVERSION = YES;
				GCC_WARN_ABOUT_RETURN_TYPE = YES_ERROR;
				GCC_WARN_UNDECLARED_SELECTOR = YES;
				GCC_WARN_UNINITIALIZED_AUTOS = YES_AGGRESSIVE;
				GCC_WARN_UNUSED_FUNCTION = YES;
				GCC_WARN_UNUSED_VARIABLE = YES;
				IPHONEOS_DEPLOYMENT_TARGET = 8.3;
				MTL_ENABLE_DEBUG_INFO = NO;
				SDKROOT = iphoneos;
				VALIDATE_PRODUCT = YES;
			};
			name = Release;
		};
		759E5EF61B6F5B8A006422D9 /* Debug */ = {
			isa = XCBuildConfiguration;
			baseConfigurationReference = 994080881ACA95488104BF13 /* Pods-lookbook.debug.xcconfig */;
			buildSettings = {
				ASSETCATALOG_COMPILER_APPICON_NAME = AppIcon;
				CLANG_ENABLE_MODULES = YES;
				FRAMEWORK_SEARCH_PATHS = (
					"$(inherited)",
					/Users/anurag/Documents/FacebookSDK,
					"$(PROJECT_DIR)/FacebookSDK",
				);
				INFOPLIST_FILE = lookbook/Info.plist;
				LD_RUNPATH_SEARCH_PATHS = "$(inherited) @executable_path/Frameworks";
				PRODUCT_NAME = "$(TARGET_NAME)";
				SWIFT_OBJC_BRIDGING_HEADER = "lookbook/lookbookit/CustomViews/lookbook-Bridging-Header.h";
				SWIFT_OPTIMIZATION_LEVEL = "-Onone";
			};
			name = Debug;
		};
		759E5EF71B6F5B8A006422D9 /* Release */ = {
			isa = XCBuildConfiguration;
			baseConfigurationReference = D769B97AB33BBEFE045CA095 /* Pods-lookbook.release.xcconfig */;
			buildSettings = {
				ASSETCATALOG_COMPILER_APPICON_NAME = AppIcon;
				CLANG_ENABLE_MODULES = YES;
				FRAMEWORK_SEARCH_PATHS = (
					"$(inherited)",
					/Users/anurag/Documents/FacebookSDK,
					"$(PROJECT_DIR)/FacebookSDK",
				);
				INFOPLIST_FILE = lookbook/Info.plist;
				LD_RUNPATH_SEARCH_PATHS = "$(inherited) @executable_path/Frameworks";
				PRODUCT_NAME = "$(TARGET_NAME)";
				SWIFT_OBJC_BRIDGING_HEADER = "lookbook/lookbookit/CustomViews/lookbook-Bridging-Header.h";
			};
			name = Release;
		};
		759E5EF91B6F5B8A006422D9 /* Debug */ = {
			isa = XCBuildConfiguration;
			buildSettings = {
				BUNDLE_LOADER = "$(TEST_HOST)";
				FRAMEWORK_SEARCH_PATHS = (
					"$(SDKROOT)/Developer/Library/Frameworks",
					"$(inherited)",
				);
				GCC_PREPROCESSOR_DEFINITIONS = (
					"DEBUG=1",
					"$(inherited)",
				);
				INFOPLIST_FILE = lookbookTests/Info.plist;
				LD_RUNPATH_SEARCH_PATHS = "$(inherited) @executable_path/Frameworks @loader_path/Frameworks";
				PRODUCT_NAME = "$(TARGET_NAME)";
				TEST_HOST = "$(BUILT_PRODUCTS_DIR)/lookbook.app/lookbook";
			};
			name = Debug;
		};
		759E5EFA1B6F5B8A006422D9 /* Release */ = {
			isa = XCBuildConfiguration;
			buildSettings = {
				BUNDLE_LOADER = "$(TEST_HOST)";
				FRAMEWORK_SEARCH_PATHS = (
					"$(SDKROOT)/Developer/Library/Frameworks",
					"$(inherited)",
				);
				INFOPLIST_FILE = lookbookTests/Info.plist;
				LD_RUNPATH_SEARCH_PATHS = "$(inherited) @executable_path/Frameworks @loader_path/Frameworks";
				PRODUCT_NAME = "$(TARGET_NAME)";
				TEST_HOST = "$(BUILT_PRODUCTS_DIR)/lookbook.app/lookbook";
			};
			name = Release;
		};
/* End XCBuildConfiguration section */

/* Begin XCConfigurationList section */
		759E5ECF1B6F5B8A006422D9 /* Build configuration list for PBXProject "lookbook" */ = {
			isa = XCConfigurationList;
			buildConfigurations = (
				759E5EF31B6F5B8A006422D9 /* Debug */,
				759E5EF41B6F5B8A006422D9 /* Release */,
			);
			defaultConfigurationIsVisible = 0;
			defaultConfigurationName = Release;
		};
		759E5EF51B6F5B8A006422D9 /* Build configuration list for PBXNativeTarget "lookbook" */ = {
			isa = XCConfigurationList;
			buildConfigurations = (
				759E5EF61B6F5B8A006422D9 /* Debug */,
				759E5EF71B6F5B8A006422D9 /* Release */,
			);
			defaultConfigurationIsVisible = 0;
			defaultConfigurationName = Release;
		};
		759E5EF81B6F5B8A006422D9 /* Build configuration list for PBXNativeTarget "lookbookTests" */ = {
			isa = XCConfigurationList;
			buildConfigurations = (
				759E5EF91B6F5B8A006422D9 /* Debug */,
				759E5EFA1B6F5B8A006422D9 /* Release */,
			);
			defaultConfigurationIsVisible = 0;
			defaultConfigurationName = Release;
		};
/* End XCConfigurationList section */
	};
	rootObject = 759E5ECC1B6F5B8A006422D9 /* Project object */;
}
